// !$*UTF8*$!
{
	archiveVersion = 1;
	classes = {
	};
	objectVersion = 77;
	objects = {

/* Begin PBXBuildFile section */
		C5DAA1982CFE99B5002AB3F1 /* form-remember Extension.appex in Embed Foundation Extensions */ = {isa = PBXBuildFile; fileRef = C5DAA1972CFE99B5002AB3F1 /* form-remember Extension.appex */; settings = {ATTRIBUTES = (RemoveHeadersOnCopy, ); }; };
		C5DAA1A22CFE99B5002AB3F1 /* form-remember Extension.appex in Embed Foundation Extensions */ = {isa = PBXBuildFile; fileRef = C5DAA1A12CFE99B5002AB3F1 /* form-remember Extension.appex */; settings = {ATTRIBUTES = (RemoveHeadersOnCopy, ); }; };
/* End PBXBuildFile section */

/* Begin PBXContainerItemProxy section */
		C5DAA1992CFE99B5002AB3F1 /* PBXContainerItemProxy */ = {
			isa = PBXContainerItemProxy;
			containerPortal = C5DAA15D2CFE99B4002AB3F1 /* Project object */;
			proxyType = 1;
			remoteGlobalIDString = C5DAA1962CFE99B5002AB3F1;
			remoteInfo = "form-remember Extension (iOS)";
		};
		C5DAA1A32CFE99B5002AB3F1 /* PBXContainerItemProxy */ = {
			isa = PBXContainerItemProxy;
			containerPortal = C5DAA15D2CFE99B4002AB3F1 /* Project object */;
			proxyType = 1;
			remoteGlobalIDString = C5DAA1A02CFE99B5002AB3F1;
			remoteInfo = "form-remember Extension (macOS)";
		};
/* End PBXContainerItemProxy section */

/* Begin PBXCopyFilesBuildPhase section */
		C5DAA1CB2CFE99B5002AB3F1 /* Embed Foundation Extensions */ = {
			isa = PBXCopyFilesBuildPhase;
			buildActionMask = 2147483647;
			dstPath = "";
			dstSubfolderSpec = 13;
			files = (
				C5DAA1982CFE99B5002AB3F1 /* form-remember Extension.appex in Embed Foundation Extensions */,
			);
			name = "Embed Foundation Extensions";
			runOnlyForDeploymentPostprocessing = 0;
		};
		C5DAA1D52CFE99B5002AB3F1 /* Embed Foundation Extensions */ = {
			isa = PBXCopyFilesBuildPhase;
			buildActionMask = 2147483647;
			dstPath = "";
			dstSubfolderSpec = 13;
			files = (
				C5DAA1A22CFE99B5002AB3F1 /* form-remember Extension.appex in Embed Foundation Extensions */,
			);
			name = "Embed Foundation Extensions";
			runOnlyForDeploymentPostprocessing = 0;
		};
/* End PBXCopyFilesBuildPhase section */

/* Begin PBXFileReference section */
		C5DAA1792CFE99B5002AB3F1 /* form-remember.app */ = {isa = PBXFileReference; explicitFileType = wrapper.application; includeInIndex = 0; path = "form-remember.app"; sourceTree = BUILT_PRODUCTS_DIR; };
		C5DAA18B2CFE99B5002AB3F1 /* form-remember.app */ = {isa = PBXFileReference; explicitFileType = wrapper.application; includeInIndex = 0; path = "form-remember.app"; sourceTree = BUILT_PRODUCTS_DIR; };
		C5DAA1972CFE99B5002AB3F1 /* form-remember Extension.appex */ = {isa = PBXFileReference; explicitFileType = "wrapper.app-extension"; includeInIndex = 0; path = "form-remember Extension.appex"; sourceTree = BUILT_PRODUCTS_DIR; };
		C5DAA1A12CFE99B5002AB3F1 /* form-remember Extension.appex */ = {isa = PBXFileReference; explicitFileType = "wrapper.app-extension"; includeInIndex = 0; path = "form-remember Extension.appex"; sourceTree = BUILT_PRODUCTS_DIR; };
/* End PBXFileReference section */

/* Begin PBXFileSystemSynchronizedBuildFileExceptionSet section */
		C5DAA1C62CFE99B5002AB3F1 /* Exceptions for "Shared (App)" folder in "form-remember (iOS)" target */ = {
			isa = PBXFileSystemSynchronizedBuildFileExceptionSet;
			membershipExceptions = (
				"/Localized: Resources/Main.html",
				Assets.xcassets,
				Resources/Icon.png,
				Resources/Script.js,
				Resources/Style.css,
				ViewController.swift,
			);
			target = C5DAA1782CFE99B5002AB3F1 /* form-remember (iOS) */;
		};
		C5DAA1CA2CFE99B5002AB3F1 /* Exceptions for "iOS (Extension)" folder in "form-remember Extension (iOS)" target */ = {
			isa = PBXFileSystemSynchronizedBuildFileExceptionSet;
			membershipExceptions = (
				Info.plist,
			);
			target = C5DAA1962CFE99B5002AB3F1 /* form-remember Extension (iOS) */;
		};
		C5DAA1CF2CFE99B5002AB3F1 /* Exceptions for "iOS (App)" folder in "form-remember (iOS)" target */ = {
			isa = PBXFileSystemSynchronizedBuildFileExceptionSet;
			membershipExceptions = (
				Info.plist,
			);
			target = C5DAA1782CFE99B5002AB3F1 /* form-remember (iOS) */;
		};
		C5DAA1D02CFE99B5002AB3F1 /* Exceptions for "Shared (App)" folder in "form-remember (macOS)" target */ = {
			isa = PBXFileSystemSynchronizedBuildFileExceptionSet;
			membershipExceptions = (
				"/Localized: Resources/Main.html",
				Assets.xcassets,
				Resources/Icon.png,
				Resources/Script.js,
				Resources/Style.css,
				ViewController.swift,
			);
			target = C5DAA18A2CFE99B5002AB3F1 /* form-remember (macOS) */;
		};
		C5DAA1D42CFE99B5002AB3F1 /* Exceptions for "macOS (Extension)" folder in "form-remember Extension (macOS)" target */ = {
			isa = PBXFileSystemSynchronizedBuildFileExceptionSet;
			membershipExceptions = (
				Info.plist,
			);
			target = C5DAA1A02CFE99B5002AB3F1 /* form-remember Extension (macOS) */;
		};
		C5DAA1D92CFE99B5002AB3F1 /* Exceptions for "Shared (Extension)" folder in "form-remember Extension (iOS)" target */ = {
			isa = PBXFileSystemSynchronizedBuildFileExceptionSet;
			membershipExceptions = (
				Resources/_locales,
				Resources/background.js,
				Resources/content.js,
				Resources/images,
				Resources/manifest.json,
				Resources/popup.css,
				Resources/popup.html,
				Resources/popup.js,
				SafariWebExtensionHandler.swift,
			);
			target = C5DAA1962CFE99B5002AB3F1 /* form-remember Extension (iOS) */;
		};
		C5DAA1DA2CFE99B5002AB3F1 /* Exceptions for "Shared (Extension)" folder in "form-remember Extension (macOS)" target */ = {
			isa = PBXFileSystemSynchronizedBuildFileExceptionSet;
			membershipExceptions = (
				Resources/_locales,
				Resources/background.js,
				Resources/content.js,
				Resources/images,
				Resources/manifest.json,
				Resources/popup.css,
				Resources/popup.html,
				Resources/popup.js,
				SafariWebExtensionHandler.swift,
			);
			target = C5DAA1A02CFE99B5002AB3F1 /* form-remember Extension (macOS) */;
		};
/* End PBXFileSystemSynchronizedBuildFileExceptionSet section */

/* Begin PBXFileSystemSynchronizedRootGroup section */
		C5DAA1612CFE99B4002AB3F1 /* Shared (App) */ = {
			isa = PBXFileSystemSynchronizedRootGroup;
			exceptions = (
				C5DAA1C62CFE99B5002AB3F1 /* Exceptions for "Shared (App)" folder in "form-remember (iOS)" target */,
				C5DAA1D02CFE99B5002AB3F1 /* Exceptions for "Shared (App)" folder in "form-remember (macOS)" target */,
			);
			path = "Shared (App)";
			sourceTree = "<group>";
		};
		C5DAA16A2CFE99B5002AB3F1 /* Shared (Extension) */ = {
			isa = PBXFileSystemSynchronizedRootGroup;
			exceptions = (
				C5DAA1D92CFE99B5002AB3F1 /* Exceptions for "Shared (Extension)" folder in "form-remember Extension (iOS)" target */,
				C5DAA1DA2CFE99B5002AB3F1 /* Exceptions for "Shared (Extension)" folder in "form-remember Extension (macOS)" target */,
			);
			explicitFolders = (
				Resources/_locales,
				Resources/images,
			);
			path = "Shared (Extension)";
			sourceTree = "<group>";
		};
		C5DAA17B2CFE99B5002AB3F1 /* iOS (App) */ = {
			isa = PBXFileSystemSynchronizedRootGroup;
			exceptions = (
				C5DAA1CF2CFE99B5002AB3F1 /* Exceptions for "iOS (App)" folder in "form-remember (iOS)" target */,
			);
			path = "iOS (App)";
			sourceTree = "<group>";
		};
		C5DAA18C2CFE99B5002AB3F1 /* macOS (App) */ = {
			isa = PBXFileSystemSynchronizedRootGroup;
			path = "macOS (App)";
			sourceTree = "<group>";
		};
		C5DAA19B2CFE99B5002AB3F1 /* iOS (Extension) */ = {
			isa = PBXFileSystemSynchronizedRootGroup;
			exceptions = (
				C5DAA1CA2CFE99B5002AB3F1 /* Exceptions for "iOS (Extension)" folder in "form-remember Extension (iOS)" target */,
			);
			path = "iOS (Extension)";
			sourceTree = "<group>";
		};
		C5DAA1A52CFE99B5002AB3F1 /* macOS (Extension) */ = {
			isa = PBXFileSystemSynchronizedRootGroup;
			exceptions = (
				C5DAA1D42CFE99B5002AB3F1 /* Exceptions for "macOS (Extension)" folder in "form-remember Extension (macOS)" target */,
			);
			path = "macOS (Extension)";
			sourceTree = "<group>";
		};
/* End PBXFileSystemSynchronizedRootGroup section */

/* Begin PBXFrameworksBuildPhase section */
		C5DAA1762CFE99B5002AB3F1 /* Frameworks */ = {
			isa = PBXFrameworksBuildPhase;
			buildActionMask = 2147483647;
			files = (
			);
			runOnlyForDeploymentPostprocessing = 0;
		};
		C5DAA1882CFE99B5002AB3F1 /* Frameworks */ = {
			isa = PBXFrameworksBuildPhase;
			buildActionMask = 2147483647;
			files = (
			);
			runOnlyForDeploymentPostprocessing = 0;
		};
		C5DAA1942CFE99B5002AB3F1 /* Frameworks */ = {
			isa = PBXFrameworksBuildPhase;
			buildActionMask = 2147483647;
			files = (
			);
			runOnlyForDeploymentPostprocessing = 0;
		};
		C5DAA19E2CFE99B5002AB3F1 /* Frameworks */ = {
			isa = PBXFrameworksBuildPhase;
			buildActionMask = 2147483647;
			files = (
			);
			runOnlyForDeploymentPostprocessing = 0;
		};
/* End PBXFrameworksBuildPhase section */

/* Begin PBXGroup section */
		C5DAA15C2CFE99B4002AB3F1 = {
			isa = PBXGroup;
			children = (
				C5DAA1612CFE99B4002AB3F1 /* Shared (App) */,
				C5DAA16A2CFE99B5002AB3F1 /* Shared (Extension) */,
				C5DAA17B2CFE99B5002AB3F1 /* iOS (App) */,
				C5DAA18C2CFE99B5002AB3F1 /* macOS (App) */,
				C5DAA19B2CFE99B5002AB3F1 /* iOS (Extension) */,
				C5DAA1A52CFE99B5002AB3F1 /* macOS (Extension) */,
				C5DAA17A2CFE99B5002AB3F1 /* Products */,
			);
			sourceTree = "<group>";
		};
		C5DAA17A2CFE99B5002AB3F1 /* Products */ = {
			isa = PBXGroup;
			children = (
				C5DAA1792CFE99B5002AB3F1 /* form-remember.app */,
				C5DAA18B2CFE99B5002AB3F1 /* form-remember.app */,
				C5DAA1972CFE99B5002AB3F1 /* form-remember Extension.appex */,
				C5DAA1A12CFE99B5002AB3F1 /* form-remember Extension.appex */,
			);
			name = Products;
			sourceTree = "<group>";
		};
/* End PBXGroup section */

/* Begin PBXNativeTarget section */
		C5DAA1782CFE99B5002AB3F1 /* form-remember (iOS) */ = {
			isa = PBXNativeTarget;
			buildConfigurationList = C5DAA1CC2CFE99B5002AB3F1 /* Build configuration list for PBXNativeTarget "form-remember (iOS)" */;
			buildPhases = (
				C5DAA1752CFE99B5002AB3F1 /* Sources */,
				C5DAA1762CFE99B5002AB3F1 /* Frameworks */,
				C5DAA1772CFE99B5002AB3F1 /* Resources */,
				C5DAA1CB2CFE99B5002AB3F1 /* Embed Foundation Extensions */,
			);
			buildRules = (
			);
			dependencies = (
				C5DAA19A2CFE99B5002AB3F1 /* PBXTargetDependency */,
			);
			fileSystemSynchronizedGroups = (
				C5DAA17B2CFE99B5002AB3F1 /* iOS (App) */,
			);
			name = "form-remember (iOS)";
			packageProductDependencies = (
			);
			productName = "form-remember (iOS)";
			productReference = C5DAA1792CFE99B5002AB3F1 /* form-remember.app */;
			productType = "com.apple.product-type.application";
		};
		C5DAA18A2CFE99B5002AB3F1 /* form-remember (macOS) */ = {
			isa = PBXNativeTarget;
			buildConfigurationList = C5DAA1D62CFE99B5002AB3F1 /* Build configuration list for PBXNativeTarget "form-remember (macOS)" */;
			buildPhases = (
				C5DAA1872CFE99B5002AB3F1 /* Sources */,
				C5DAA1882CFE99B5002AB3F1 /* Frameworks */,
				C5DAA1892CFE99B5002AB3F1 /* Resources */,
				C5DAA1D52CFE99B5002AB3F1 /* Embed Foundation Extensions */,
			);
			buildRules = (
			);
			dependencies = (
				C5DAA1A42CFE99B5002AB3F1 /* PBXTargetDependency */,
			);
			fileSystemSynchronizedGroups = (
				C5DAA18C2CFE99B5002AB3F1 /* macOS (App) */,
			);
			name = "form-remember (macOS)";
			packageProductDependencies = (
			);
			productName = "form-remember (macOS)";
			productReference = C5DAA18B2CFE99B5002AB3F1 /* form-remember.app */;
			productType = "com.apple.product-type.application";
		};
		C5DAA1962CFE99B5002AB3F1 /* form-remember Extension (iOS) */ = {
			isa = PBXNativeTarget;
			buildConfigurationList = C5DAA1C72CFE99B5002AB3F1 /* Build configuration list for PBXNativeTarget "form-remember Extension (iOS)" */;
			buildPhases = (
				C5DAA1932CFE99B5002AB3F1 /* Sources */,
				C5DAA1942CFE99B5002AB3F1 /* Frameworks */,
				C5DAA1952CFE99B5002AB3F1 /* Resources */,
			);
			buildRules = (
			);
			dependencies = (
			);
			fileSystemSynchronizedGroups = (
				C5DAA19B2CFE99B5002AB3F1 /* iOS (Extension) */,
			);
			name = "form-remember Extension (iOS)";
			packageProductDependencies = (
			);
			productName = "form-remember Extension (iOS)";
			productReference = C5DAA1972CFE99B5002AB3F1 /* form-remember Extension.appex */;
			productType = "com.apple.product-type.app-extension";
		};
		C5DAA1A02CFE99B5002AB3F1 /* form-remember Extension (macOS) */ = {
			isa = PBXNativeTarget;
			buildConfigurationList = C5DAA1D12CFE99B5002AB3F1 /* Build configuration list for PBXNativeTarget "form-remember Extension (macOS)" */;
			buildPhases = (
				C5DAA19D2CFE99B5002AB3F1 /* Sources */,
				C5DAA19E2CFE99B5002AB3F1 /* Frameworks */,
				C5DAA19F2CFE99B5002AB3F1 /* Resources */,
			);
			buildRules = (
			);
			dependencies = (
			);
			fileSystemSynchronizedGroups = (
				C5DAA1A52CFE99B5002AB3F1 /* macOS (Extension) */,
			);
			name = "form-remember Extension (macOS)";
			packageProductDependencies = (
			);
			productName = "form-remember Extension (macOS)";
			productReference = C5DAA1A12CFE99B5002AB3F1 /* form-remember Extension.appex */;
			productType = "com.apple.product-type.app-extension";
		};
/* End PBXNativeTarget section */

/* Begin PBXProject section */
		C5DAA15D2CFE99B4002AB3F1 /* Project object */ = {
			isa = PBXProject;
			attributes = {
				BuildIndependentTargetsInParallel = 1;
				LastSwiftUpdateCheck = 1610;
				LastUpgradeCheck = 1610;
				TargetAttributes = {
					C5DAA1782CFE99B5002AB3F1 = {
						CreatedOnToolsVersion = 16.1;
					};
					C5DAA18A2CFE99B5002AB3F1 = {
						CreatedOnToolsVersion = 16.1;
					};
					C5DAA1962CFE99B5002AB3F1 = {
						CreatedOnToolsVersion = 16.1;
					};
					C5DAA1A02CFE99B5002AB3F1 = {
						CreatedOnToolsVersion = 16.1;
					};
				};
			};
			buildConfigurationList = C5DAA1602CFE99B4002AB3F1 /* Build configuration list for PBXProject "form-remember" */;
			developmentRegion = en;
			hasScannedForEncodings = 0;
			knownRegions = (
				en,
				Base,
			);
			mainGroup = C5DAA15C2CFE99B4002AB3F1;
			minimizedProjectReferenceProxies = 1;
			preferredProjectObjectVersion = 77;
			productRefGroup = C5DAA17A2CFE99B5002AB3F1 /* Products */;
			projectDirPath = "";
			projectRoot = "";
			targets = (
				C5DAA1782CFE99B5002AB3F1 /* form-remember (iOS) */,
				C5DAA18A2CFE99B5002AB3F1 /* form-remember (macOS) */,
				C5DAA1962CFE99B5002AB3F1 /* form-remember Extension (iOS) */,
				C5DAA1A02CFE99B5002AB3F1 /* form-remember Extension (macOS) */,
			);
		};
/* End PBXProject section */

/* Begin PBXResourcesBuildPhase section */
		C5DAA1772CFE99B5002AB3F1 /* Resources */ = {
			isa = PBXResourcesBuildPhase;
			buildActionMask = 2147483647;
			files = (
			);
			runOnlyForDeploymentPostprocessing = 0;
		};
		C5DAA1892CFE99B5002AB3F1 /* Resources */ = {
			isa = PBXResourcesBuildPhase;
			buildActionMask = 2147483647;
			files = (
			);
			runOnlyForDeploymentPostprocessing = 0;
		};
		C5DAA1952CFE99B5002AB3F1 /* Resources */ = {
			isa = PBXResourcesBuildPhase;
			buildActionMask = 2147483647;
			files = (
			);
			runOnlyForDeploymentPostprocessing = 0;
		};
		C5DAA19F2CFE99B5002AB3F1 /* Resources */ = {
			isa = PBXResourcesBuildPhase;
			buildActionMask = 2147483647;
			files = (
			);
			runOnlyForDeploymentPostprocessing = 0;
		};
/* End PBXResourcesBuildPhase section */

/* Begin PBXSourcesBuildPhase section */
		C5DAA1752CFE99B5002AB3F1 /* Sources */ = {
			isa = PBXSourcesBuildPhase;
			buildActionMask = 2147483647;
			files = (
			);
			runOnlyForDeploymentPostprocessing = 0;
		};
		C5DAA1872CFE99B5002AB3F1 /* Sources */ = {
			isa = PBXSourcesBuildPhase;
			buildActionMask = 2147483647;
			files = (
			);
			runOnlyForDeploymentPostprocessing = 0;
		};
		C5DAA1932CFE99B5002AB3F1 /* Sources */ = {
			isa = PBXSourcesBuildPhase;
			buildActionMask = 2147483647;
			files = (
			);
			runOnlyForDeploymentPostprocessing = 0;
		};
		C5DAA19D2CFE99B5002AB3F1 /* Sources */ = {
			isa = PBXSourcesBuildPhase;
			buildActionMask = 2147483647;
			files = (
			);
			runOnlyForDeploymentPostprocessing = 0;
		};
/* End PBXSourcesBuildPhase section */

/* Begin PBXTargetDependency section */
		C5DAA19A2CFE99B5002AB3F1 /* PBXTargetDependency */ = {
			isa = PBXTargetDependency;
			target = C5DAA1962CFE99B5002AB3F1 /* form-remember Extension (iOS) */;
			targetProxy = C5DAA1992CFE99B5002AB3F1 /* PBXContainerItemProxy */;
		};
		C5DAA1A42CFE99B5002AB3F1 /* PBXTargetDependency */ = {
			isa = PBXTargetDependency;
			target = C5DAA1A02CFE99B5002AB3F1 /* form-remember Extension (macOS) */;
			targetProxy = C5DAA1A32CFE99B5002AB3F1 /* PBXContainerItemProxy */;
		};
/* End PBXTargetDependency section */

/* Begin XCBuildConfiguration section */
		C5DAA1C82CFE99B5002AB3F1 /* Debug */ = {
			isa = XCBuildConfiguration;
			buildSettings = {
				CODE_SIGN_STYLE = Automatic;
				CURRENT_PROJECT_VERSION = 1;
				DEVELOPMENT_TEAM = 6D9DLTQJSN;
				GENERATE_INFOPLIST_FILE = YES;
				INFOPLIST_FILE = "iOS (Extension)/Info.plist";
				INFOPLIST_KEY_CFBundleDisplayName = "form-remember Extension";
				INFOPLIST_KEY_NSHumanReadableCopyright = "";
				IPHONEOS_DEPLOYMENT_TARGET = 15.0;
				LD_RUNPATH_SEARCH_PATHS = (
					"$(inherited)",
					"@executable_path/Frameworks",
					"@executable_path/../../Frameworks",
				);
				MARKETING_VERSION = 1.0;
				OTHER_LDFLAGS = (
					"-framework",
					SafariServices,
				);
				PRODUCT_BUNDLE_IDENTIFIER = "com.camlittle.form-remember.Extension";
				PRODUCT_NAME = "form-remember Extension";
				SDKROOT = iphoneos;
				SKIP_INSTALL = YES;
				SWIFT_EMIT_LOC_STRINGS = YES;
				SWIFT_VERSION = 5.0;
				TARGETED_DEVICE_FAMILY = "1,2";
			};
			name = Debug;
		};
		C5DAA1C92CFE99B5002AB3F1 /* Release */ = {
			isa = XCBuildConfiguration;
			buildSettings = {
				CODE_SIGN_STYLE = Automatic;
				CURRENT_PROJECT_VERSION = 1;
				DEVELOPMENT_TEAM = 6D9DLTQJSN;
				GENERATE_INFOPLIST_FILE = YES;
				INFOPLIST_FILE = "iOS (Extension)/Info.plist";
				INFOPLIST_KEY_CFBundleDisplayName = "form-remember Extension";
				INFOPLIST_KEY_NSHumanReadableCopyright = "";
				IPHONEOS_DEPLOYMENT_TARGET = 15.0;
				LD_RUNPATH_SEARCH_PATHS = (
					"$(inherited)",
					"@executable_path/Frameworks",
					"@executable_path/../../Frameworks",
				);
				MARKETING_VERSION = 1.0;
				OTHER_LDFLAGS = (
					"-framework",
					SafariServices,
				);
				PRODUCT_BUNDLE_IDENTIFIER = "com.camlittle.form-remember.Extension";
				PRODUCT_NAME = "form-remember Extension";
				SDKROOT = iphoneos;
				SKIP_INSTALL = YES;
				SWIFT_EMIT_LOC_STRINGS = YES;
				SWIFT_VERSION = 5.0;
				TARGETED_DEVICE_FAMILY = "1,2";
				VALIDATE_PRODUCT = YES;
			};
			name = Release;
		};
		C5DAA1CD2CFE99B5002AB3F1 /* Debug */ = {
			isa = XCBuildConfiguration;
			buildSettings = {
				ASSETCATALOG_COMPILER_APPICON_NAME = AppIcon;
				ASSETCATALOG_COMPILER_GLOBAL_ACCENT_COLOR_NAME = AccentColor;
				CODE_SIGN_STYLE = Automatic;
				CURRENT_PROJECT_VERSION = 1;
				DEVELOPMENT_TEAM = 6D9DLTQJSN;
				GENERATE_INFOPLIST_FILE = YES;
				INFOPLIST_FILE = "iOS (App)/Info.plist";
				INFOPLIST_KEY_CFBundleDisplayName = "form-remember";
				INFOPLIST_KEY_UIApplicationSupportsIndirectInputEvents = YES;
				INFOPLIST_KEY_UILaunchStoryboardName = LaunchScreen;
				INFOPLIST_KEY_UIMainStoryboardFile = Main;
				INFOPLIST_KEY_UISupportedInterfaceOrientations = "UIInterfaceOrientationPortrait UIInterfaceOrientationLandscapeLeft UIInterfaceOrientationLandscapeRight";
				INFOPLIST_KEY_UISupportedInterfaceOrientations_iPad = "UIInterfaceOrientationPortrait UIInterfaceOrientationPortraitUpsideDown UIInterfaceOrientationLandscapeLeft UIInterfaceOrientationLandscapeRight";
				IPHONEOS_DEPLOYMENT_TARGET = 15.0;
				LD_RUNPATH_SEARCH_PATHS = (
					"$(inherited)",
					"@executable_path/Frameworks",
				);
				MARKETING_VERSION = 1.0;
				OTHER_LDFLAGS = (
					"-framework",
					SafariServices,
					"-framework",
					WebKit,
				);
				PRODUCT_BUNDLE_IDENTIFIER = "com.camlittle.form-remember";
				PRODUCT_NAME = "form-remember";
				SDKROOT = iphoneos;
				SWIFT_EMIT_LOC_STRINGS = YES;
				SWIFT_VERSION = 5.0;
				TARGETED_DEVICE_FAMILY = "1,2";
			};
			name = Debug;
		};
		C5DAA1CE2CFE99B5002AB3F1 /* Release */ = {
			isa = XCBuildConfiguration;
			buildSettings = {
				ASSETCATALOG_COMPILER_APPICON_NAME = AppIcon;
				ASSETCATALOG_COMPILER_GLOBAL_ACCENT_COLOR_NAME = AccentColor;
				CODE_SIGN_STYLE = Automatic;
				CURRENT_PROJECT_VERSION = 1;
				DEVELOPMENT_TEAM = 6D9DLTQJSN;
				GENERATE_INFOPLIST_FILE = YES;
				INFOPLIST_FILE = "iOS (App)/Info.plist";
				INFOPLIST_KEY_CFBundleDisplayName = "form-remember";
				INFOPLIST_KEY_UIApplicationSupportsIndirectInputEvents = YES;
				INFOPLIST_KEY_UILaunchStoryboardName = LaunchScreen;
				INFOPLIST_KEY_UIMainStoryboardFile = Main;
				INFOPLIST_KEY_UISupportedInterfaceOrientations = "UIInterfaceOrientationPortrait UIInterfaceOrientationLandscapeLeft UIInterfaceOrientationLandscapeRight";
				INFOPLIST_KEY_UISupportedInterfaceOrientations_iPad = "UIInterfaceOrientationPortrait UIInterfaceOrientationPortraitUpsideDown UIInterfaceOrientationLandscapeLeft UIInterfaceOrientationLandscapeRight";
				IPHONEOS_DEPLOYMENT_TARGET = 15.0;
				LD_RUNPATH_SEARCH_PATHS = (
					"$(inherited)",
					"@executable_path/Frameworks",
				);
				MARKETING_VERSION = 1.0;
				OTHER_LDFLAGS = (
					"-framework",
					SafariServices,
					"-framework",
					WebKit,
				);
				PRODUCT_BUNDLE_IDENTIFIER = "com.camlittle.form-remember";
				PRODUCT_NAME = "form-remember";
				SDKROOT = iphoneos;
				SWIFT_EMIT_LOC_STRINGS = YES;
				SWIFT_VERSION = 5.0;
				TARGETED_DEVICE_FAMILY = "1,2";
				VALIDATE_PRODUCT = YES;
			};
			name = Release;
		};
		C5DAA1D22CFE99B5002AB3F1 /* Debug */ = {
			isa = XCBuildConfiguration;
			buildSettings = {
				CODE_SIGN_ENTITLEMENTS = "macOS (Extension)/form-remember.entitlements";
				CODE_SIGN_STYLE = Automatic;
				CURRENT_PROJECT_VERSION = 1;
				DEVELOPMENT_TEAM = 6D9DLTQJSN;
				ENABLE_HARDENED_RUNTIME = YES;
				GENERATE_INFOPLIST_FILE = YES;
				INFOPLIST_FILE = "macOS (Extension)/Info.plist";
				INFOPLIST_KEY_CFBundleDisplayName = "form-remember Extension";
				INFOPLIST_KEY_NSHumanReadableCopyright = "";
				LD_RUNPATH_SEARCH_PATHS = (
					"$(inherited)",
					"@executable_path/../Frameworks",
					"@executable_path/../../../../Frameworks",
				);
				MACOSX_DEPLOYMENT_TARGET = 10.14;
				MARKETING_VERSION = 1.0;
				OTHER_LDFLAGS = (
					"-framework",
					SafariServices,
				);
				PRODUCT_BUNDLE_IDENTIFIER = "com.camlittle.form-remember.Extension";
				PRODUCT_NAME = "form-remember Extension";
				SDKROOT = macosx;
				SKIP_INSTALL = YES;
				SWIFT_EMIT_LOC_STRINGS = YES;
				SWIFT_VERSION = 5.0;
			};
			name = Debug;
		};
		C5DAA1D32CFE99B5002AB3F1 /* Release */ = {
			isa = XCBuildConfiguration;
			buildSettings = {
				CODE_SIGN_ENTITLEMENTS = "macOS (Extension)/form-remember.entitlements";
				CODE_SIGN_STYLE = Automatic;
				CURRENT_PROJECT_VERSION = 1;
				DEVELOPMENT_TEAM = 6D9DLTQJSN;
				ENABLE_HARDENED_RUNTIME = YES;
				GENERATE_INFOPLIST_FILE = YES;
				INFOPLIST_FILE = "macOS (Extension)/Info.plist";
				INFOPLIST_KEY_CFBundleDisplayName = "form-remember Extension";
				INFOPLIST_KEY_NSHumanReadableCopyright = "";
				LD_RUNPATH_SEARCH_PATHS = (
					"$(inherited)",
					"@executable_path/../Frameworks",
					"@executable_path/../../../../Frameworks",
				);
				MACOSX_DEPLOYMENT_TARGET = 10.14;
				MARKETING_VERSION = 1.0;
				OTHER_LDFLAGS = (
					"-framework",
					SafariServices,
				);
				PRODUCT_BUNDLE_IDENTIFIER = "com.camlittle.form-remember.Extension";
				PRODUCT_NAME = "form-remember Extension";
				SDKROOT = macosx;
				SKIP_INSTALL = YES;
				SWIFT_EMIT_LOC_STRINGS = YES;
				SWIFT_VERSION = 5.0;
			};
			name = Release;
		};
		C5DAA1D72CFE99B5002AB3F1 /* Debug */ = {
			isa = XCBuildConfiguration;
			buildSettings = {
				ASSETCATALOG_COMPILER_APPICON_NAME = AppIcon;
				ASSETCATALOG_COMPILER_GLOBAL_ACCENT_COLOR_NAME = AccentColor;
				CODE_SIGN_ENTITLEMENTS = "macOS (App)/form-remember.entitlements";
				CODE_SIGN_STYLE = Automatic;
				CURRENT_PROJECT_VERSION = 1;
				DEVELOPMENT_TEAM = 6D9DLTQJSN;
				ENABLE_HARDENED_RUNTIME = YES;
				GENERATE_INFOPLIST_FILE = YES;
				INFOPLIST_KEY_CFBundleDisplayName = "form-remember";
				INFOPLIST_KEY_NSMainStoryboardFile = Main;
				INFOPLIST_KEY_NSPrincipalClass = NSApplication;
				LD_RUNPATH_SEARCH_PATHS = (
					"$(inherited)",
					"@executable_path/../Frameworks",
				);
				MACOSX_DEPLOYMENT_TARGET = 10.14;
				MARKETING_VERSION = 1.0;
				OTHER_LDFLAGS = (
					"-framework",
					SafariServices,
					"-framework",
					WebKit,
				);
				PRODUCT_BUNDLE_IDENTIFIER = "com.camlittle.form-remember";
				PRODUCT_NAME = "form-remember";
				SDKROOT = macosx;
				SWIFT_EMIT_LOC_STRINGS = YES;
				SWIFT_VERSION = 5.0;
			};
			name = Debug;
		};
		C5DAA1D82CFE99B5002AB3F1 /* Release */ = {
			isa = XCBuildConfiguration;
			buildSettings = {
				ASSETCATALOG_COMPILER_APPICON_NAME = AppIcon;
				ASSETCATALOG_COMPILER_GLOBAL_ACCENT_COLOR_NAME = AccentColor;
				CODE_SIGN_ENTITLEMENTS = "macOS (App)/form-remember.entitlements";
				CODE_SIGN_STYLE = Automatic;
				CURRENT_PROJECT_VERSION = 1;
				DEVELOPMENT_TEAM = 6D9DLTQJSN;
				ENABLE_HARDENED_RUNTIME = YES;
				GENERATE_INFOPLIST_FILE = YES;
				INFOPLIST_KEY_CFBundleDisplayName = "form-remember";
				INFOPLIST_KEY_NSMainStoryboardFile = Main;
				INFOPLIST_KEY_NSPrincipalClass = NSApplication;
				LD_RUNPATH_SEARCH_PATHS = (
					"$(inherited)",
					"@executable_path/../Frameworks",
				);
				MACOSX_DEPLOYMENT_TARGET = 10.14;
				MARKETING_VERSION = 1.0;
				OTHER_LDFLAGS = (
					"-framework",
					SafariServices,
					"-framework",
					WebKit,
				);
				PRODUCT_BUNDLE_IDENTIFIER = "com.camlittle.form-remember";
				PRODUCT_NAME = "form-remember";
				SDKROOT = macosx;
				SWIFT_EMIT_LOC_STRINGS = YES;
				SWIFT_VERSION = 5.0;
			};
			name = Release;
		};
		C5DAA1DB2CFE99B5002AB3F1 /* Debug */ = {
			isa = XCBuildConfiguration;
			buildSettings = {
				ALWAYS_SEARCH_USER_PATHS = NO;
				ASSETCATALOG_COMPILER_GENERATE_SWIFT_ASSET_SYMBOL_EXTENSIONS = YES;
				CLANG_ANALYZER_NONNULL = YES;
				CLANG_ANALYZER_NUMBER_OBJECT_CONVERSION = YES_AGGRESSIVE;
				CLANG_CXX_LANGUAGE_STANDARD = "gnu++20";
				CLANG_ENABLE_MODULES = YES;
				CLANG_ENABLE_OBJC_ARC = YES;
				CLANG_ENABLE_OBJC_WEAK = YES;
				CLANG_WARN_BLOCK_CAPTURE_AUTORELEASING = YES;
				CLANG_WARN_BOOL_CONVERSION = YES;
				CLANG_WARN_COMMA = YES;
				CLANG_WARN_CONSTANT_CONVERSION = YES;
				CLANG_WARN_DEPRECATED_OBJC_IMPLEMENTATIONS = YES;
				CLANG_WARN_DIRECT_OBJC_ISA_USAGE = YES_ERROR;
				CLANG_WARN_DOCUMENTATION_COMMENTS = YES;
				CLANG_WARN_EMPTY_BODY = YES;
				CLANG_WARN_ENUM_CONVERSION = YES;
				CLANG_WARN_INFINITE_RECURSION = YES;
				CLANG_WARN_INT_CONVERSION = YES;
				CLANG_WARN_NON_LITERAL_NULL_CONVERSION = YES;
				CLANG_WARN_OBJC_IMPLICIT_RETAIN_SELF = YES;
				CLANG_WARN_OBJC_LITERAL_CONVERSION = YES;
				CLANG_WARN_OBJC_ROOT_CLASS = YES_ERROR;
				CLANG_WARN_QUOTED_INCLUDE_IN_FRAMEWORK_HEADER = YES;
				CLANG_WARN_RANGE_LOOP_ANALYSIS = YES;
				CLANG_WARN_STRICT_PROTOTYPES = YES;
				CLANG_WARN_SUSPICIOUS_MOVE = YES;
				CLANG_WARN_UNGUARDED_AVAILABILITY = YES_AGGRESSIVE;
				CLANG_WARN_UNREACHABLE_CODE = YES;
				CLANG_WARN__DUPLICATE_METHOD_MATCH = YES;
				COPY_PHASE_STRIP = NO;
				DEBUG_INFORMATION_FORMAT = dwarf;
				ENABLE_STRICT_OBJC_MSGSEND = YES;
				ENABLE_TESTABILITY = YES;
				ENABLE_USER_SCRIPT_SANDBOXING = YES;
				GCC_C_LANGUAGE_STANDARD = gnu17;
				GCC_DYNAMIC_NO_PIC = NO;
				GCC_NO_COMMON_BLOCKS = YES;
				GCC_OPTIMIZATION_LEVEL = 0;
				GCC_PREPROCESSOR_DEFINITIONS = (
					"DEBUG=1",
					"$(inherited)",
				);
				GCC_WARN_64_TO_32_BIT_CONVERSION = YES;
				GCC_WARN_ABOUT_RETURN_TYPE = YES_ERROR;
				GCC_WARN_UNDECLARED_SELECTOR = YES;
				GCC_WARN_UNINITIALIZED_AUTOS = YES_AGGRESSIVE;
				GCC_WARN_UNUSED_FUNCTION = YES;
				GCC_WARN_UNUSED_VARIABLE = YES;
				LOCALIZATION_PREFERS_STRING_CATALOGS = YES;
				MTL_ENABLE_DEBUG_INFO = INCLUDE_SOURCE;
				MTL_FAST_MATH = YES;
				ONLY_ACTIVE_ARCH = YES;
				SWIFT_ACTIVE_COMPILATION_CONDITIONS = "DEBUG $(inherited)";
				SWIFT_OPTIMIZATION_LEVEL = "-Onone";
			};
			name = Debug;
		};
		C5DAA1DC2CFE99B5002AB3F1 /* Release */ = {
			isa = XCBuildConfiguration;
			buildSettings = {
				ALWAYS_SEARCH_USER_PATHS = NO;
				ASSETCATALOG_COMPILER_GENERATE_SWIFT_ASSET_SYMBOL_EXTENSIONS = YES;
				CLANG_ANALYZER_NONNULL = YES;
				CLANG_ANALYZER_NUMBER_OBJECT_CONVERSION = YES_AGGRESSIVE;
				CLANG_CXX_LANGUAGE_STANDARD = "gnu++20";
				CLANG_ENABLE_MODULES = YES;
				CLANG_ENABLE_OBJC_ARC = YES;
				CLANG_ENABLE_OBJC_WEAK = YES;
				CLANG_WARN_BLOCK_CAPTURE_AUTORELEASING = YES;
				CLANG_WARN_BOOL_CONVERSION = YES;
				CLANG_WARN_COMMA = YES;
				CLANG_WARN_CONSTANT_CONVERSION = YES;
				CLANG_WARN_DEPRECATED_OBJC_IMPLEMENTATIONS = YES;
				CLANG_WARN_DIRECT_OBJC_ISA_USAGE = YES_ERROR;
				CLANG_WARN_DOCUMENTATION_COMMENTS = YES;
				CLANG_WARN_EMPTY_BODY = YES;
				CLANG_WARN_ENUM_CONVERSION = YES;
				CLANG_WARN_INFINITE_RECURSION = YES;
				CLANG_WARN_INT_CONVERSION = YES;
				CLANG_WARN_NON_LITERAL_NULL_CONVERSION = YES;
				CLANG_WARN_OBJC_IMPLICIT_RETAIN_SELF = YES;
				CLANG_WARN_OBJC_LITERAL_CONVERSION = YES;
				CLANG_WARN_OBJC_ROOT_CLASS = YES_ERROR;
				CLANG_WARN_QUOTED_INCLUDE_IN_FRAMEWORK_HEADER = YES;
				CLANG_WARN_RANGE_LOOP_ANALYSIS = YES;
				CLANG_WARN_STRICT_PROTOTYPES = YES;
				CLANG_WARN_SUSPICIOUS_MOVE = YES;
				CLANG_WARN_UNGUARDED_AVAILABILITY = YES_AGGRESSIVE;
				CLANG_WARN_UNREACHABLE_CODE = YES;
				CLANG_WARN__DUPLICATE_METHOD_MATCH = YES;
				COPY_PHASE_STRIP = NO;
				DEBUG_INFORMATION_FORMAT = "dwarf-with-dsym";
				ENABLE_NS_ASSERTIONS = NO;
				ENABLE_STRICT_OBJC_MSGSEND = YES;
				ENABLE_USER_SCRIPT_SANDBOXING = YES;
				GCC_C_LANGUAGE_STANDARD = gnu17;
				GCC_NO_COMMON_BLOCKS = YES;
				GCC_WARN_64_TO_32_BIT_CONVERSION = YES;
				GCC_WARN_ABOUT_RETURN_TYPE = YES_ERROR;
				GCC_WARN_UNDECLARED_SELECTOR = YES;
				GCC_WARN_UNINITIALIZED_AUTOS = YES_AGGRESSIVE;
				GCC_WARN_UNUSED_FUNCTION = YES;
				GCC_WARN_UNUSED_VARIABLE = YES;
				LOCALIZATION_PREFERS_STRING_CATALOGS = YES;
				MTL_ENABLE_DEBUG_INFO = NO;
				MTL_FAST_MATH = YES;
				SWIFT_COMPILATION_MODE = wholemodule;
			};
			name = Release;
		};
/* End XCBuildConfiguration section */

/* Begin XCConfigurationList section */
		C5DAA1602CFE99B4002AB3F1 /* Build configuration list for PBXProject "form-remember" */ = {
			isa = XCConfigurationList;
			buildConfigurations = (
				C5DAA1DB2CFE99B5002AB3F1 /* Debug */,
				C5DAA1DC2CFE99B5002AB3F1 /* Release */,
			);
			defaultConfigurationIsVisible = 0;
			defaultConfigurationName = Release;
		};
		C5DAA1C72CFE99B5002AB3F1 /* Build configuration list for PBXNativeTarget "form-remember Extension (iOS)" */ = {
			isa = XCConfigurationList;
			buildConfigurations = (
				C5DAA1C82CFE99B5002AB3F1 /* Debug */,
				C5DAA1C92CFE99B5002AB3F1 /* Release */,
			);
			defaultConfigurationIsVisible = 0;
			defaultConfigurationName = Release;
		};
		C5DAA1CC2CFE99B5002AB3F1 /* Build configuration list for PBXNativeTarget "form-remember (iOS)" */ = {
			isa = XCConfigurationList;
			buildConfigurations = (
				C5DAA1CD2CFE99B5002AB3F1 /* Debug */,
				C5DAA1CE2CFE99B5002AB3F1 /* Release */,
			);
			defaultConfigurationIsVisible = 0;
			defaultConfigurationName = Release;
		};
		C5DAA1D12CFE99B5002AB3F1 /* Build configuration list for PBXNativeTarget "form-remember Extension (macOS)" */ = {
			isa = XCConfigurationList;
			buildConfigurations = (
				C5DAA1D22CFE99B5002AB3F1 /* Debug */,
				C5DAA1D32CFE99B5002AB3F1 /* Release */,
			);
			defaultConfigurationIsVisible = 0;
			defaultConfigurationName = Release;
		};
		C5DAA1D62CFE99B5002AB3F1 /* Build configuration list for PBXNativeTarget "form-remember (macOS)" */ = {
			isa = XCConfigurationList;
			buildConfigurations = (
				C5DAA1D72CFE99B5002AB3F1 /* Debug */,
				C5DAA1D82CFE99B5002AB3F1 /* Release */,
			);
			defaultConfigurationIsVisible = 0;
			defaultConfigurationName = Release;
		};
/* End XCConfigurationList section */
	};
	rootObject = C5DAA15D2CFE99B4002AB3F1 /* Project object */;
}
